
Microsoft Visual Studio Solution File, Format Version 12.00
# Visual Studio Version 16
VisualStudioVersion = 16.0.31424.327
MinimumVisualStudioVersion = 10.0.40219.1
Project("{FAE04EC0-301F-11D3-BF4B-00C04F79EFBC}") = "Test_", "..\Test_\Test_.csproj", "{6045BF22-CB7B-4EF7-96A3-41E0328B3259}"
EndProject
Global
	GlobalSection(SolutionConfigurationPlatforms) = preSolution
		Debug|Any CPU = Debug|Any CPU
		Release|Any CPU = Release|Any CPU
	EndGlobalSection
	GlobalSection(ProjectConfigurationPlatforms) = postSolution
		{6045BF22-CB7B-4EF7-96A3-41E0328B3259}.Debug|Any CPU.ActiveCfg = Debug|Any CPU
		{6045BF22-CB7B-4EF7-96A3-41E0328B3259}.Debug|Any CPU.Build.0 = Debug|Any CPU
		{6045BF22-CB7B-4EF7-96A3-41E0328B3259}.Release|Any CPU.ActiveCfg = Release|Any CPU
		{6045BF22-CB7B-4EF7-96A3-41E0328B3259}.Release|Any CPU.Build.0 = Release|Any CPU
	EndGlobalSection
	GlobalSection(SolutionProperties) = preSolution
		HideSolutionNode = FALSE
	EndGlobalSection
	GlobalSection(ExtensibilityGlobals) = postSolution
		SolutionGuid = {A62B503E-8F22-4741-A3B6-AAD4375E4178}
	EndGlobalSection
EndGlobal
